# This is a Gradle generated file for dependency locking.
# Manual edits can break the build and are not advised.
# This file is expected to be part of source control.
junit:junit:4.13.2=jvmTestCompileClasspath,jvmTestRuntimeClasspath
org.hamcrest:hamcrest-core:1.3=jvmTestCompileClasspath,jvmTestRuntimeClasspath
org.jetbrains.kotlin:kotlin-stdlib-wasm-js:2.4.10=wasmJsCompileClasspath,wasmJsRuntimeClasspath,wasmJsTestCompileClasspath,wasmJsTestRuntimeClasspath
org.jetbrains.kotlin:kotlin-stdlib:2.4.10=jvmCompileClasspath,jvmMainCompileClasspath,jvmMainRuntimeClasspath,jvmRuntimeClasspath,jvmTestCompileClasspath,jvmTestRuntimeClasspath,metadataCommonMainCompileClasspath,metadataCompileClasspath,wasmJsCompileClasspath,wasmJsRuntimeClasspath,wasmJsTestCompileClasspath,wasmJsTestRuntimeClasspath
org.jetbrains.kotlin:kotlin-test-junit:2.4.10=jvmTestCompileClasspath,jvmTestRuntimeClasspath
org.jetbrains.kotlin:kotlin-test-wasm-js:2.4.10=wasmJsTestCompileClasspath,wasmJsTestRuntimeClasspath
org.jetbrains.kotlin:kotlin-test:2.4.10=jvmTestCompileClasspath,jvmTestRuntimeClasspath,wasmJsTestCompileClasspath,wasmJsTestRuntimeClasspath
org.jetbrains.kotlinx:kotlinx-serialization-bom:1.11.0=jvmCompileClasspath,jvmMainCompileClasspath,jvmMainRuntimeClasspath,jvmRuntimeClasspath,jvmTestCompileClasspath,jvmTestRuntimeClasspath
org.jetbrains.kotlinx:kotlinx-serialization-core-jvm:1.11.0=jvmCompileClasspath,jvmMainCompileClasspath,jvmMainRuntimeClasspath,jvmRuntimeClasspath,jvmTestCompileClasspath,jvmTestRuntimeClasspath
org.jetbrains.kotlinx:kotlinx-serialization-core-wasm-js:1.11.0=wasmJsCompileClasspath,wasmJsRuntimeClasspath,wasmJsTestCompileClasspath,wasmJsTestRuntimeClasspath
org.jetbrains.kotlinx:kotlinx-serialization-core:1.11.0=jvmCompileClasspath,jvmMainCompileClasspath,jvmMainRuntimeClasspath,jvmRuntimeClasspath,jvmTestCompileClasspath,jvmTestRuntimeClasspath,metadataCommonMainCompileClasspath,metadataCompileClasspath,wasmJsCompileClasspath,wasmJsRuntimeClasspath,wasmJsTestCompileClasspath,wasmJsTestRuntimeClasspath
org.jetbrains.kotlinx:kotlinx-serialization-json-jvm:1.11.0=jvmCompileClasspath,jvmMainCompileClasspath,jvmMainRuntimeClasspath,jvmRuntimeClasspath,jvmTestCompileClasspath,jvmTestRuntimeClasspath
org.jetbrains.kotlinx:kotlinx-serialization-json-wasm-js:1.11.0=wasmJsCompileClasspath,wasmJsRuntimeClasspath,wasmJsTestCompileClasspath,wasmJsTestRuntimeClasspath
org.jetbrains.kotlinx:kotlinx-serialization-json:1.11.0=jvmCompileClasspath,jvmMainCompileClasspath,jvmMainRuntimeClasspath,jvmRuntimeClasspath,jvmTestCompileClasspath,jvmTestRuntimeClasspath,metadataCommonMainCompileClasspath,metadataCompileClasspath,wasmJsCompileClasspath,wasmJsRuntimeClasspath,wasmJsTestCompileClasspath,wasmJsTestRuntimeClasspath
org.jetbrains.kotlinx:kotlinx-serialization-protobuf-jvm:1.11.0=jvmCompileClasspath,jvmMainCompileClasspath,jvmMainRuntimeClasspath,jvmRuntimeClasspath,jvmTestCompileClasspath,jvmTestRuntimeClasspath
org.jetbrains.kotlinx:kotlinx-serialization-protobuf-wasm-js:1.11.0=wasmJsCompileClasspath,wasmJsRuntimeClasspath,wasmJsTestCompileClasspath,wasmJsTestRuntimeClasspath
org.jetbrains.kotlinx:kotlinx-serialization-protobuf:1.11.0=jvmCompileClasspath,jvmMainCompileClasspath,jvmMainRuntimeClasspath,jvmRuntimeClasspath,jvmTestCompileClasspath,jvmTestRuntimeClasspath,metadataCommonMainCompileClasspath,metadataCompileClasspath,wasmJsCompileClasspath,wasmJsRuntimeClasspath,wasmJsTestCompileClasspath,wasmJsTestRuntimeClasspath
org.jetbrains:annotations:13.0=jvmCompileClasspath,jvmMainCompileClasspath,jvmMainRuntimeClasspath,jvmRuntimeClasspath,jvmTestCompileClasspath,jvmTestRuntimeClasspath
empty=
